
Microsoft Visual Studio Solution File, Format Version 12.00
# Visual Studio Version 16
VisualStudioVersion = 16.0.29411.108
MinimumVisualStudioVersion = 10.0.40219.1
Project("{FAE04EC0-301F-11D3-BF4B-00C04F79EFBC}") = "Kattis-PeriodicStrings", "Kattis-PeriodicStrings.csproj", "{32A4DE0C-FB74-4197-82C0-525270734052}"
EndProject
Global
	GlobalSection(SolutionConfigurationPlatforms) = preSolution
		Debug|Any CPU = Debug|Any CPU
		Release|Any CPU = Release|Any CPU
	EndGlobalSection
	GlobalSection(ProjectConfigurationPlatforms) = postSolution
		{32A4DE0C-FB74-4197-82C0-525270734052}.Debug|Any CPU.ActiveCfg = Debug|Any CPU
		{32A4DE0C-FB74-4197-82C0-525270734052}.Debug|Any CPU.Build.0 = Debug|Any CPU
		{32A4DE0C-FB74-4197-82C0-525270734052}.Release|Any CPU.ActiveCfg = Release|Any CPU
		{32A4DE0C-FB74-4197-82C0-525270734052}.Release|Any CPU.Build.0 = Release|Any CPU
	EndGlobalSection
	GlobalSection(SolutionProperties) = preSolution
		HideSolutionNode = FALSE
	EndGlobalSection
	GlobalSection(ExtensibilityGlobals) = postSolution
		SolutionGuid = {7A1492CE-76A2-46E8-A006-3A7725522D33}
	EndGlobalSection
EndGlobal
